
Microsoft Visual Studio Solution File, Format Version 12.00
# Visual Studio Version 17
VisualStudioVersion = 17.10.34928.147
MinimumVisualStudioVersion = 10.0.40219.1
Project("{FAE04EC0-301F-11D3-BF4B-00C04F79EFBC}") = "MVCProject.PL", "MVCProject.PL\MVCProject.PL.csproj", "{31E701A3-2B29-41CD-9572-3EE226226C2F}"
EndProject
Project("{FAE04EC0-301F-11D3-BF4B-00C04F79EFBC}") = "MVCProject.DAL", "MVCProject.DAL\MVCProject.DAL.csproj", "{2D8F4DE2-708F-41F5-AE1D-BA6798BCE2B6}"
EndProject
Project("{FAE04EC0-301F-11D3-BF4B-00C04F79EFBC}") = "MVCProject.BLL", "MVCProject.BLL\MVCProject.BLL.csproj", "{2F429CE5-BF90-4842-AF27-D0DCACCA2D50}"
EndProject
Global
	GlobalSection(SolutionConfigurationPlatforms) = preSolution
		Debug|Any CPU = Debug|Any CPU
		Release|Any CPU = Release|Any CPU
	EndGlobalSection
	GlobalSection(ProjectConfigurationPlatforms) = postSolution
		{31E701A3-2B29-41CD-9572-3EE226226C2F}.Debug|Any CPU.ActiveCfg = Debug|Any CPU
		{31E701A3-2B29-41CD-9572-3EE226226C2F}.Debug|Any CPU.Build.0 = Debug|Any CPU
		{31E701A3-2B29-41CD-9572-3EE226226C2F}.Release|Any CPU.ActiveCfg = Release|Any CPU
		{31E701A3-2B29-41CD-9572-3EE226226C2F}.Release|Any CPU.Build.0 = Release|Any CPU
		{2D8F4DE2-708F-41F5-AE1D-BA6798BCE2B6}.Debug|Any CPU.ActiveCfg = Debug|Any CPU
		{2D8F4DE2-708F-41F5-AE1D-BA6798BCE2B6}.Debug|Any CPU.Build.0 = Debug|Any CPU
		{2D8F4DE2-708F-41F5-AE1D-BA6798BCE2B6}.Release|Any CPU.ActiveCfg = Release|Any CPU
		{2D8F4DE2-708F-41F5-AE1D-BA6798BCE2B6}.Release|Any CPU.Build.0 = Release|Any CPU
		{2F429CE5-BF90-4842-AF27-D0DCACCA2D50}.Debug|Any CPU.ActiveCfg = Debug|Any CPU
		{2F429CE5-BF90-4842-AF27-D0DCACCA2D50}.Debug|Any CPU.Build.0 = Debug|Any CPU
		{2F429CE5-BF90-4842-AF27-D0DCACCA2D50}.Release|Any CPU.ActiveCfg = Release|Any CPU
		{2F429CE5-BF90-4842-AF27-D0DCACCA2D50}.Release|Any CPU.Build.0 = Release|Any CPU
	EndGlobalSection
	GlobalSection(SolutionProperties) = preSolution
		HideSolutionNode = FALSE
	EndGlobalSection
	GlobalSection(ExtensibilityGlobals) = postSolution
		SolutionGuid = {847CEB83-52FE-4203-BEB8-A5B73BC711A8}
	EndGlobalSection
EndGlobal
